[[package]]
category = "main"
description = "Wrapper package for OpenCV python bindings."
name = "opencv-python"
optional = false
python-versions = ">=3.6"
version = "4.4.0.44"

[metadata]
content-hash = "7eac17e73fd5da2fb3035382717c82e09b8df6803fd0e57ba617e31ef3ac4550"
python-versions = "^3.8"

[metadata.files]
opencv-python = [
    {file = "opencv-python-4.4.0.44.tar.gz", hash = "sha256:e87d88a820050c0e886c9add48eac2f80ff29207a98cca25869a6868c519daa4"},
    {file = "opencv_python-4.4.0.44-cp36-cp36m-macosx_10_13_x86_64.whl", hash = "sha256:69c971fefb633cfd334ed195d58e76e87f267649f98a2394f7400b178e918936"},
    {file = "opencv_python-4.4.0.44-cp36-cp36m-manylinux2014_i686.whl", hash = "sha256:80b5b68e9c5dda29205ca112e6d5bd647b6b43cf917cfa5ce178d61675291bba"},
    {file = "opencv_python-4.4.0.44-cp36-cp36m-manylinux2014_x86_64.whl", hash = "sha256:46032d4648c74730115f8522effda8ac39bd0385f07edc7aab57b41cc7617933"},
    {file = "opencv_python-4.4.0.44-cp36-cp36m-win32.whl", hash = "sha256:98676d349fdfc17dba9f23b87e9b6a639733d35f5f0ffcccb90e76c8200568f4"},
    {file = "opencv_python-4.4.0.44-cp36-cp36m-win_amd64.whl", hash = "sha256:27d5b83edd245a12dd6b8562569ad3f23e5ffe30cef8cfcc70756dd24b55d12f"},
    {file = "opencv_python-4.4.0.44-cp37-cp37m-macosx_10_13_x86_64.whl", hash = "sha256:b2147317b00b20e8d7e01201221af2b278aed449fa436316c42bc63f653e8245"},
    {file = "opencv_python-4.4.0.44-cp37-cp37m-manylinux2014_i686.whl", hash = "sha256:db74a92ef9c2a0810e1436d586b3b15d421a39b72f06263358f15c7a609498e0"},
    {file = "opencv_python-4.4.0.44-cp37-cp37m-manylinux2014_x86_64.whl", hash = "sha256:23dade76fe0194139112eea7ecdfa02ae09924b1d8d853f17f387a356519e484"},
    {file = "opencv_python-4.4.0.44-cp37-cp37m-win32.whl", hash = "sha256:fdf017c5b93d58ad77e2690e59322fd09414705c28d69b52fad4a19985422e6c"},
    {file = "opencv_python-4.4.0.44-cp37-cp37m-win_amd64.whl", hash = "sha256:e100a4ffdeed8c4afac6a5b3f6b4481efe0ad90e0a0ae2d129478abd4bd790bc"},
    {file = "opencv_python-4.4.0.44-cp38-cp38-macosx_10_13_x86_64.whl", hash = "sha256:d838ee4562f52793b1b10876e5067cae1a6bb1c3c575091644be9b88cf45d255"},
    {file = "opencv_python-4.4.0.44-cp38-cp38-manylinux2014_i686.whl", hash = "sha256:9df617736351100879b70d914366b9f9e38aa227885f2590b48badc4a233119d"},
    {file = "opencv_python-4.4.0.44-cp38-cp38-manylinux2014_x86_64.whl", hash = "sha256:2a2a7590b99d872b193cda0592b2c1cd6561159c31b361597c0e69e8926c8d16"},
    {file = "opencv_python-4.4.0.44-cp38-cp38-win32.whl", hash = "sha256:16864152aa6ac346ef83588d6f4f5dc974d27851c034d6970fcb7b6a98bbd318"},
    {file = "opencv_python-4.4.0.44-cp38-cp38-win_amd64.whl", hash = "sha256:4c195597d5286d1cc7259aeaeb7e6c1cde07fec9bddf26523eab1b15709291aa"},
]
